
Microsoft Visual Studio Solution File, Format Version 12.00
# Visual Studio 2013
VisualStudioVersion = 12.0.21005.1
MinimumVisualStudioVersion = 10.0.40219.1
Project("{FAE04EC0-301F-11D3-BF4B-00C04F79EFBC}") = "TC_WebShopCaseMVC", "TC_WebShopCaseMVC\TC_WebShopCaseMVC.csproj", "{5F321D11-3E91-4119-88A7-A863E0883A86}"
EndProject
Project("{FAE04EC0-301F-11D3-BF4B-00C04F79EFBC}") = "TC_WebShopCaseMVC.Tests", "TC_WebShopCaseMVC.Tests\TC_WebShopCaseMVC.Tests.csproj", "{237ADAD3-E307-4372-92C3-15CA0E389D82}"
EndProject
Global
	GlobalSection(SolutionConfigurationPlatforms) = preSolution
		Debug|Any CPU = Debug|Any CPU
		Release|Any CPU = Release|Any CPU
	EndGlobalSection
	GlobalSection(ProjectConfigurationPlatforms) = postSolution
		{5F321D11-3E91-4119-88A7-A863E0883A86}.Debug|Any CPU.ActiveCfg = Debug|Any CPU
		{5F321D11-3E91-4119-88A7-A863E0883A86}.Debug|Any CPU.Build.0 = Debug|Any CPU
		{5F321D11-3E91-4119-88A7-A863E0883A86}.Release|Any CPU.ActiveCfg = Release|Any CPU
		{5F321D11-3E91-4119-88A7-A863E0883A86}.Release|Any CPU.Build.0 = Release|Any CPU
		{237ADAD3-E307-4372-92C3-15CA0E389D82}.Debug|Any CPU.ActiveCfg = Debug|Any CPU
		{237ADAD3-E307-4372-92C3-15CA0E389D82}.Debug|Any CPU.Build.0 = Debug|Any CPU
		{237ADAD3-E307-4372-92C3-15CA0E389D82}.Release|Any CPU.ActiveCfg = Release|Any CPU
		{237ADAD3-E307-4372-92C3-15CA0E389D82}.Release|Any CPU.Build.0 = Release|Any CPU
	EndGlobalSection
	GlobalSection(SolutionProperties) = preSolution
		HideSolutionNode = FALSE
	EndGlobalSection
EndGlobal
